
Microsoft Visual Studio Solution File, Format Version 12.00
# Visual Studio Version 17
VisualStudioVersion = 17.3.32929.385
MinimumVisualStudioVersion = 10.0.40219.1
Project("{FAE04EC0-301F-11D3-BF4B-00C04F79EFBC}") = "ticket", "ticket\ticket.csproj", "{FDA9067C-4911-43FF-9BD2-BF5B615D0605}"
EndProject
Global
	GlobalSection(SolutionConfigurationPlatforms) = preSolution
		Debug|Any CPU = Debug|Any CPU
		Release|Any CPU = Release|Any CPU
	EndGlobalSection
	GlobalSection(ProjectConfigurationPlatforms) = postSolution
		{FDA9067C-4911-43FF-9BD2-BF5B615D0605}.Debug|Any CPU.ActiveCfg = Debug|Any CPU
		{FDA9067C-4911-43FF-9BD2-BF5B615D0605}.Debug|Any CPU.Build.0 = Debug|Any CPU
		{FDA9067C-4911-43FF-9BD2-BF5B615D0605}.Release|Any CPU.ActiveCfg = Release|Any CPU
		{FDA9067C-4911-43FF-9BD2-BF5B615D0605}.Release|Any CPU.Build.0 = Release|Any CPU
	EndGlobalSection
	GlobalSection(SolutionProperties) = preSolution
		HideSolutionNode = FALSE
	EndGlobalSection
	GlobalSection(ExtensibilityGlobals) = postSolution
		SolutionGuid = {993690AD-CEC3-46B1-966D-29D64E8818E9}
	EndGlobalSection
EndGlobal
